
Microsoft Visual Studio Solution File, Format Version 12.00
# Visual Studio for Mac
Project("{FAE04EC0-301F-11D3-BF4B-00C04F79EFBC}") = "Assembly-CSharp", "Assembly-CSharp.csproj", "{65703B84-B837-5DC3-F761-17956D800E79}"
EndProject
Project("{FAE04EC0-301F-11D3-BF4B-00C04F79EFBC}") = "Assembly-CSharp-Editor", "Assembly-CSharp-Editor.csproj", "{C5FBCC71-51E9-E43C-9F48-75310750B834}"
EndProject
Global
	GlobalSection(SolutionConfigurationPlatforms) = preSolution
		Debug|Any CPU = Debug|Any CPU
		Release|Any CPU = Release|Any CPU
	EndGlobalSection
	GlobalSection(ProjectConfigurationPlatforms) = postSolution
		{65703B84-B837-5DC3-F761-17956D800E79}.Debug|Any CPU.ActiveCfg = Debug|Any CPU
		{65703B84-B837-5DC3-F761-17956D800E79}.Debug|Any CPU.Build.0 = Debug|Any CPU
		{65703B84-B837-5DC3-F761-17956D800E79}.Release|Any CPU.ActiveCfg = Release|Any CPU
		{65703B84-B837-5DC3-F761-17956D800E79}.Release|Any CPU.Build.0 = Release|Any CPU
		{C5FBCC71-51E9-E43C-9F48-75310750B834}.Debug|Any CPU.ActiveCfg = Debug|Any CPU
		{C5FBCC71-51E9-E43C-9F48-75310750B834}.Debug|Any CPU.Build.0 = Debug|Any CPU
		{C5FBCC71-51E9-E43C-9F48-75310750B834}.Release|Any CPU.ActiveCfg = Release|Any CPU
		{C5FBCC71-51E9-E43C-9F48-75310750B834}.Release|Any CPU.Build.0 = Release|Any CPU
	EndGlobalSection
	GlobalSection(SolutionProperties) = preSolution
		HideSolutionNode = FALSE
	EndGlobalSection
EndGlobal
